
Microsoft Visual Studio Solution File, Format Version 12.00
# Visual Studio 2012
Project("{8BC9CEB8-8B4A-11D0-8D11-00A0C91BC942}") = "lefdy", "lefdy\lefdy.vcxproj", "{8DF095F4-D30A-4A52-8AF0-1FE3A060D5CE}"
EndProject
Global
	GlobalSection(SolutionConfigurationPlatforms) = preSolution
		Debug|Win32 = Debug|Win32
		Release|Win32 = Release|Win32
	EndGlobalSection
	GlobalSection(ProjectConfigurationPlatforms) = postSolution
		{8DF095F4-D30A-4A52-8AF0-1FE3A060D5CE}.Debug|Win32.ActiveCfg = Debug|Win32
		{8DF095F4-D30A-4A52-8AF0-1FE3A060D5CE}.Debug|Win32.Build.0 = Debug|Win32
		{8DF095F4-D30A-4A52-8AF0-1FE3A060D5CE}.Release|Win32.ActiveCfg = Release|Win32
		{8DF095F4-D30A-4A52-8AF0-1FE3A060D5CE}.Release|Win32.Build.0 = Release|Win32
	EndGlobalSection
	GlobalSection(SolutionProperties) = preSolution
		HideSolutionNode = FALSE
	EndGlobalSection
EndGlobal
